
Microsoft Visual Studio Solution File, Format Version 12.00
# Visual Studio Version 17
VisualStudioVersion = 17.9.34728.123
MinimumVisualStudioVersion = 10.0.40219.1
Project("{FAE04EC0-301F-11D3-BF4B-00C04F79EFBC}") = "AzureWebService", "AzureWebService\AzureWebService.csproj", "{8F361E25-A6A5-4EBD-A76F-8DD925F63249}"
EndProject
Global
	GlobalSection(SolutionConfigurationPlatforms) = preSolution
		Debug|Any CPU = Debug|Any CPU
		Release|Any CPU = Release|Any CPU
	EndGlobalSection
	GlobalSection(ProjectConfigurationPlatforms) = postSolution
		{8F361E25-A6A5-4EBD-A76F-8DD925F63249}.Debug|Any CPU.ActiveCfg = Debug|Any CPU
		{8F361E25-A6A5-4EBD-A76F-8DD925F63249}.Debug|Any CPU.Build.0 = Debug|Any CPU
		{8F361E25-A6A5-4EBD-A76F-8DD925F63249}.Release|Any CPU.ActiveCfg = Release|Any CPU
		{8F361E25-A6A5-4EBD-A76F-8DD925F63249}.Release|Any CPU.Build.0 = Release|Any CPU
	EndGlobalSection
	GlobalSection(SolutionProperties) = preSolution
		HideSolutionNode = FALSE
	EndGlobalSection
	GlobalSection(ExtensibilityGlobals) = postSolution
		SolutionGuid = {EE14CBF1-DC6E-4968-BDE0-E95D64EB6D8C}
	EndGlobalSection
EndGlobal
