
Microsoft Visual Studio Solution File, Format Version 12.00
# Visual Studio Version 17
VisualStudioVersion = 17.9.34728.123
MinimumVisualStudioVersion = 10.0.40219.1
Project("{FAE04EC0-301F-11D3-BF4B-00C04F79EFBC}") = "TimerFunction", "TimerFunction\TimerFunction.csproj", "{0A15D157-09BA-4498-A7BD-F5ED5925AF79}"
EndProject
Global
	GlobalSection(SolutionConfigurationPlatforms) = preSolution
		Debug|Any CPU = Debug|Any CPU
		Release|Any CPU = Release|Any CPU
	EndGlobalSection
	GlobalSection(ProjectConfigurationPlatforms) = postSolution
		{0A15D157-09BA-4498-A7BD-F5ED5925AF79}.Debug|Any CPU.ActiveCfg = Debug|Any CPU
		{0A15D157-09BA-4498-A7BD-F5ED5925AF79}.Debug|Any CPU.Build.0 = Debug|Any CPU
		{0A15D157-09BA-4498-A7BD-F5ED5925AF79}.Release|Any CPU.ActiveCfg = Release|Any CPU
		{0A15D157-09BA-4498-A7BD-F5ED5925AF79}.Release|Any CPU.Build.0 = Release|Any CPU
	EndGlobalSection
	GlobalSection(SolutionProperties) = preSolution
		HideSolutionNode = FALSE
	EndGlobalSection
	GlobalSection(ExtensibilityGlobals) = postSolution
		SolutionGuid = {49D75860-797D-47C4-93B1-BE12DA7AB0C2}
	EndGlobalSection
EndGlobal
