
Microsoft Visual Studio Solution File, Format Version 12.00
# Visual Studio Version 17
VisualStudioVersion = 17.9.34728.123
MinimumVisualStudioVersion = 10.0.40219.1
Project("{FAE04EC0-301F-11D3-BF4B-00C04F79EFBC}") = "docker-example", "docker-example\docker-example.csproj", "{83972979-D408-4CFC-8EF8-6FE8E7C96C65}"
EndProject
Global
	GlobalSection(SolutionConfigurationPlatforms) = preSolution
		Debug|Any CPU = Debug|Any CPU
		Release|Any CPU = Release|Any CPU
	EndGlobalSection
	GlobalSection(ProjectConfigurationPlatforms) = postSolution
		{83972979-D408-4CFC-8EF8-6FE8E7C96C65}.Debug|Any CPU.ActiveCfg = Debug|Any CPU
		{83972979-D408-4CFC-8EF8-6FE8E7C96C65}.Debug|Any CPU.Build.0 = Debug|Any CPU
		{83972979-D408-4CFC-8EF8-6FE8E7C96C65}.Release|Any CPU.ActiveCfg = Release|Any CPU
		{83972979-D408-4CFC-8EF8-6FE8E7C96C65}.Release|Any CPU.Build.0 = Release|Any CPU
	EndGlobalSection
	GlobalSection(SolutionProperties) = preSolution
		HideSolutionNode = FALSE
	EndGlobalSection
	GlobalSection(ExtensibilityGlobals) = postSolution
		SolutionGuid = {B49C2C33-9FC4-41B7-A497-102858F9581B}
	EndGlobalSection
EndGlobal
