
Microsoft Visual Studio Solution File, Format Version 12.00
# Visual Studio Version 17
VisualStudioVersion = 17.9.34728.123
MinimumVisualStudioVersion = 10.0.40219.1
Project("{FAE04EC0-301F-11D3-BF4B-00C04F79EFBC}") = "httprequest", "httprequest\httprequest.csproj", "{75B2A72B-0037-4B7F-886B-BADD26DE40F3}"
EndProject
Global
	GlobalSection(SolutionConfigurationPlatforms) = preSolution
		Debug|Any CPU = Debug|Any CPU
		Release|Any CPU = Release|Any CPU
	EndGlobalSection
	GlobalSection(ProjectConfigurationPlatforms) = postSolution
		{75B2A72B-0037-4B7F-886B-BADD26DE40F3}.Debug|Any CPU.ActiveCfg = Debug|Any CPU
		{75B2A72B-0037-4B7F-886B-BADD26DE40F3}.Debug|Any CPU.Build.0 = Debug|Any CPU
		{75B2A72B-0037-4B7F-886B-BADD26DE40F3}.Release|Any CPU.ActiveCfg = Release|Any CPU
		{75B2A72B-0037-4B7F-886B-BADD26DE40F3}.Release|Any CPU.Build.0 = Release|Any CPU
	EndGlobalSection
	GlobalSection(SolutionProperties) = preSolution
		HideSolutionNode = FALSE
	EndGlobalSection
	GlobalSection(ExtensibilityGlobals) = postSolution
		SolutionGuid = {B012BB30-B043-4956-9054-2FCD71B92246}
	EndGlobalSection
EndGlobal
