
Microsoft Visual Studio Solution File, Format Version 12.00
# Visual Studio Version 17
VisualStudioVersion = 17.9.34728.123
MinimumVisualStudioVersion = 10.0.40219.1
Project("{FAE04EC0-301F-11D3-BF4B-00C04F79EFBC}") = "event greed function", "event greed function\event greed function.csproj", "{31A4BDFD-0B30-44B9-A481-C77A57F4AC81}"
EndProject
Global
	GlobalSection(SolutionConfigurationPlatforms) = preSolution
		Debug|Any CPU = Debug|Any CPU
		Release|Any CPU = Release|Any CPU
	EndGlobalSection
	GlobalSection(ProjectConfigurationPlatforms) = postSolution
		{31A4BDFD-0B30-44B9-A481-C77A57F4AC81}.Debug|Any CPU.ActiveCfg = Debug|Any CPU
		{31A4BDFD-0B30-44B9-A481-C77A57F4AC81}.Debug|Any CPU.Build.0 = Debug|Any CPU
		{31A4BDFD-0B30-44B9-A481-C77A57F4AC81}.Release|Any CPU.ActiveCfg = Release|Any CPU
		{31A4BDFD-0B30-44B9-A481-C77A57F4AC81}.Release|Any CPU.Build.0 = Release|Any CPU
	EndGlobalSection
	GlobalSection(SolutionProperties) = preSolution
		HideSolutionNode = FALSE
	EndGlobalSection
	GlobalSection(ExtensibilityGlobals) = postSolution
		SolutionGuid = {D8799D53-9799-449B-BA6D-7AFAB90253CA}
	EndGlobalSection
EndGlobal
